// !$*UTF8*$!
{
	archiveVersion = 1;
	classes = {
	};
	objectVersion = 56;
	objects = {

/* Begin PBXBuildFile section */
		9EF10A7E287750D200DC55E0 /* FormattedTextField_iOSApp.swift in Sources */ = {isa = PBXBuildFile; fileRef = 9EF10A7D287750D200DC55E0 /* FormattedTextField_iOSApp.swift */; };
		9EF10A80287750D200DC55E0 /* ContentView.swift in Sources */ = {isa = PBXBuildFile; fileRef = 9EF10A7F287750D200DC55E0 /* ContentView.swift */; };
		9EF10A82287750D300DC55E0 /* Assets.xcassets in Resources */ = {isa = PBXBuildFile; fileRef = 9EF10A81287750D300DC55E0 /* Assets.xcassets */; };
		9EF10A85287750D300DC55E0 /* Preview Assets.xcassets in Resources */ = {isa = PBXBuildFile; fileRef = 9EF10A84287750D300DC55E0 /* Preview Assets.xcassets */; };
		9EF10A89287750E700DC55E0 /* FormattedTextField.swift in Sources */ = {isa = PBXBuildFile; fileRef = 9EF10A75287746E400DC55E0 /* FormattedTextField.swift */; };
		9EF10A8D28799FF000DC55E0 /* InputFormatter.swift in Sources */ = {isa = PBXBuildFile; fileRef = 9EF10A8C28799FF000DC55E0 /* InputFormatter.swift */; };
		9EF10A8F2879A5C900DC55E0 /* Namespace.swift in Sources */ = {isa = PBXBuildFile; fileRef = 9EF10A8E2879A5C900DC55E0 /* Namespace.swift */; };
		9EF10A922879A82400DC55E0 /* InputHelpers.swift in Sources */ = {isa = PBXBuildFile; fileRef = 9EF10A912879A82400DC55E0 /* InputHelpers.swift */; };
		9EF10A962879A8A900DC55E0 /* Binding+Extensions.swift in Sources */ = {isa = PBXBuildFile; fileRef = 9EF10A952879A8A900DC55E0 /* Binding+Extensions.swift */; };
		9EF10A982879DAAD00DC55E0 /* PhoneNumberInputView.swift in Sources */ = {isa = PBXBuildFile; fileRef = 9EF10A972879DAAD00DC55E0 /* PhoneNumberInputView.swift */; };
/* End PBXBuildFile section */

/* Begin PBXFileReference section */
		9EF10A63287739B900DC55E0 /* FormattedTextField.app */ = {isa = PBXFileReference; explicitFileType = wrapper.application; includeInIndex = 0; path = FormattedTextField.app; sourceTree = BUILT_PRODUCTS_DIR; };
		9EF10A75287746E400DC55E0 /* FormattedTextField.swift */ = {isa = PBXFileReference; lastKnownFileType = sourcecode.swift; path = FormattedTextField.swift; sourceTree = "<group>"; };
		9EF10A7B287750D100DC55E0 /* FormattedTextField_iOS.app */ = {isa = PBXFileReference; explicitFileType = wrapper.application; includeInIndex = 0; path = FormattedTextField_iOS.app; sourceTree = BUILT_PRODUCTS_DIR; };
		9EF10A7D287750D200DC55E0 /* FormattedTextField_iOSApp.swift */ = {isa = PBXFileReference; lastKnownFileType = sourcecode.swift; path = FormattedTextField_iOSApp.swift; sourceTree = "<group>"; };
		9EF10A7F287750D200DC55E0 /* ContentView.swift */ = {isa = PBXFileReference; lastKnownFileType = sourcecode.swift; path = ContentView.swift; sourceTree = "<group>"; };
		9EF10A81287750D300DC55E0 /* Assets.xcassets */ = {isa = PBXFileReference; lastKnownFileType = folder.assetcatalog; path = Assets.xcassets; sourceTree = "<group>"; };
		9EF10A84287750D300DC55E0 /* Preview Assets.xcassets */ = {isa = PBXFileReference; lastKnownFileType = folder.assetcatalog; path = "Preview Assets.xcassets"; sourceTree = "<group>"; };
		9EF10A8C28799FF000DC55E0 /* InputFormatter.swift */ = {isa = PBXFileReference; lastKnownFileType = sourcecode.swift; path = InputFormatter.swift; sourceTree = "<group>"; };
		9EF10A8E2879A5C900DC55E0 /* Namespace.swift */ = {isa = PBXFileReference; lastKnownFileType = sourcecode.swift; path = Namespace.swift; sourceTree = "<group>"; };
		9EF10A912879A82400DC55E0 /* InputHelpers.swift */ = {isa = PBXFileReference; lastKnownFileType = sourcecode.swift; path = InputHelpers.swift; sourceTree = "<group>"; };
		9EF10A952879A8A900DC55E0 /* Binding+Extensions.swift */ = {isa = PBXFileReference; lastKnownFileType = sourcecode.swift; path = "Binding+Extensions.swift"; sourceTree = "<group>"; };
		9EF10A972879DAAD00DC55E0 /* PhoneNumberInputView.swift */ = {isa = PBXFileReference; lastKnownFileType = sourcecode.swift; path = PhoneNumberInputView.swift; sourceTree = "<group>"; };
/* End PBXFileReference section */

/* Begin PBXFrameworksBuildPhase section */
		9EF10A60287739B900DC55E0 /* Frameworks */ = {
			isa = PBXFrameworksBuildPhase;
			buildActionMask = 2147483647;
			files = (
			);
			runOnlyForDeploymentPostprocessing = 0;
		};
		9EF10A78287750D100DC55E0 /* Frameworks */ = {
			isa = PBXFrameworksBuildPhase;
			buildActionMask = 2147483647;
			files = (
			);
			runOnlyForDeploymentPostprocessing = 0;
		};
/* End PBXFrameworksBuildPhase section */

/* Begin PBXGroup section */
		9EF10A5A287739B900DC55E0 = {
			isa = PBXGroup;
			children = (
				9EF10A7C287750D200DC55E0 /* FormattedTextField_iOS */,
				9EF10A64287739B900DC55E0 /* Products */,
			);
			sourceTree = "<group>";
		};
		9EF10A64287739B900DC55E0 /* Products */ = {
			isa = PBXGroup;
			children = (
				9EF10A63287739B900DC55E0 /* FormattedTextField.app */,
				9EF10A7B287750D100DC55E0 /* FormattedTextField_iOS.app */,
			);
			name = Products;
			sourceTree = "<group>";
		};
		9EF10A7C287750D200DC55E0 /* FormattedTextField_iOS */ = {
			isa = PBXGroup;
			children = (
				9EF10A932879A88100DC55E0 /* Combine+Extensions */,
				9EF10A902879A7AE00DC55E0 /* String+Extensions */,
				9EF10A8B28799FD500DC55E0 /* Formatters */,
				9EF10A8A28799FB600DC55E0 /* Views */,
				9EF10A7D287750D200DC55E0 /* FormattedTextField_iOSApp.swift */,
				9EF10A81287750D300DC55E0 /* Assets.xcassets */,
				9EF10A83287750D300DC55E0 /* Preview Content */,
				9EF10A8E2879A5C900DC55E0 /* Namespace.swift */,
			);
			path = FormattedTextField_iOS;
			sourceTree = "<group>";
		};
		9EF10A83287750D300DC55E0 /* Preview Content */ = {
			isa = PBXGroup;
			children = (
				9EF10A84287750D300DC55E0 /* Preview Assets.xcassets */,
			);
			path = "Preview Content";
			sourceTree = "<group>";
		};
		9EF10A8A28799FB600DC55E0 /* Views */ = {
			isa = PBXGroup;
			children = (
				9EF10A7F287750D200DC55E0 /* ContentView.swift */,
				9EF10A75287746E400DC55E0 /* FormattedTextField.swift */,
				9EF10A972879DAAD00DC55E0 /* PhoneNumberInputView.swift */,
			);
			path = Views;
			sourceTree = "<group>";
		};
		9EF10A8B28799FD500DC55E0 /* Formatters */ = {
			isa = PBXGroup;
			children = (
				9EF10A8C28799FF000DC55E0 /* InputFormatter.swift */,
			);
			path = Formatters;
			sourceTree = "<group>";
		};
		9EF10A902879A7AE00DC55E0 /* String+Extensions */ = {
			isa = PBXGroup;
			children = (
				9EF10A912879A82400DC55E0 /* InputHelpers.swift */,
			);
			path = "String+Extensions";
			sourceTree = "<group>";
		};
		9EF10A932879A88100DC55E0 /* Combine+Extensions */ = {
			isa = PBXGroup;
			children = (
				9EF10A952879A8A900DC55E0 /* Binding+Extensions.swift */,
			);
			path = "Combine+Extensions";
			sourceTree = "<group>";
		};
/* End PBXGroup section */

/* Begin PBXNativeTarget section */
		9EF10A62287739B900DC55E0 /* FormattedTextField */ = {
			isa = PBXNativeTarget;
			buildConfigurationList = 9EF10A72287739BB00DC55E0 /* Build configuration list for PBXNativeTarget "FormattedTextField" */;
			buildPhases = (
				9EF10A5F287739B900DC55E0 /* Sources */,
				9EF10A60287739B900DC55E0 /* Frameworks */,
				9EF10A61287739B900DC55E0 /* Resources */,
			);
			buildRules = (
			);
			dependencies = (
			);
			name = FormattedTextField;
			productName = FormattedTextField;
			productReference = 9EF10A63287739B900DC55E0 /* FormattedTextField.app */;
			productType = "com.apple.product-type.application";
		};
		9EF10A7A287750D100DC55E0 /* FormattedTextField_iOS */ = {
			isa = PBXNativeTarget;
			buildConfigurationList = 9EF10A86287750D300DC55E0 /* Build configuration list for PBXNativeTarget "FormattedTextField_iOS" */;
			buildPhases = (
				9EF10A77287750D100DC55E0 /* Sources */,
				9EF10A78287750D100DC55E0 /* Frameworks */,
				9EF10A79287750D100DC55E0 /* Resources */,
			);
			buildRules = (
			);
			dependencies = (
			);
			name = FormattedTextField_iOS;
			productName = FormattedTextField_iOS;
			productReference = 9EF10A7B287750D100DC55E0 /* FormattedTextField_iOS.app */;
			productType = "com.apple.product-type.application";
		};
/* End PBXNativeTarget section */

/* Begin PBXProject section */
		9EF10A5B287739B900DC55E0 /* Project object */ = {
			isa = PBXProject;
			attributes = {
				BuildIndependentTargetsInParallel = 1;
				LastSwiftUpdateCheck = 1400;
				LastUpgradeCheck = 1400;
				TargetAttributes = {
					9EF10A62287739B900DC55E0 = {
						CreatedOnToolsVersion = 14.0;
					};
					9EF10A7A287750D100DC55E0 = {
						CreatedOnToolsVersion = 14.0;
					};
				};
			};
			buildConfigurationList = 9EF10A5E287739B900DC55E0 /* Build configuration list for PBXProject "FormattedTextField" */;
			compatibilityVersion = "Xcode 14.0";
			developmentRegion = en;
			hasScannedForEncodings = 0;
			knownRegions = (
				en,
				Base,
			);
			mainGroup = 9EF10A5A287739B900DC55E0;
			productRefGroup = 9EF10A64287739B900DC55E0 /* Products */;
			projectDirPath = "";
			projectRoot = "";
			targets = (
				9EF10A62287739B900DC55E0 /* FormattedTextField */,
				9EF10A7A287750D100DC55E0 /* FormattedTextField_iOS */,
			);
		};
/* End PBXProject section */

/* Begin PBXResourcesBuildPhase section */
		9EF10A61287739B900DC55E0 /* Resources */ = {
			isa = PBXResourcesBuildPhase;
			buildActionMask = 2147483647;
			files = (
			);
			runOnlyForDeploymentPostprocessing = 0;
		};
		9EF10A79287750D100DC55E0 /* Resources */ = {
			isa = PBXResourcesBuildPhase;
			buildActionMask = 2147483647;
			files = (
				9EF10A85287750D300DC55E0 /* Preview Assets.xcassets in Resources */,
				9EF10A82287750D300DC55E0 /* Assets.xcassets in Resources */,
			);
			runOnlyForDeploymentPostprocessing = 0;
		};
/* End PBXResourcesBuildPhase section */

/* Begin PBXSourcesBuildPhase section */
		9EF10A5F287739B900DC55E0 /* Sources */ = {
			isa = PBXSourcesBuildPhase;
			buildActionMask = 2147483647;
			files = (
			);
			runOnlyForDeploymentPostprocessing = 0;
		};
		9EF10A77287750D100DC55E0 /* Sources */ = {
			isa = PBXSourcesBuildPhase;
			buildActionMask = 2147483647;
			files = (
				9EF10A89287750E700DC55E0 /* FormattedTextField.swift in Sources */,
				9EF10A80287750D200DC55E0 /* ContentView.swift in Sources */,
				9EF10A922879A82400DC55E0 /* InputHelpers.swift in Sources */,
				9EF10A982879DAAD00DC55E0 /* PhoneNumberInputView.swift in Sources */,
				9EF10A962879A8A900DC55E0 /* Binding+Extensions.swift in Sources */,
				9EF10A7E287750D200DC55E0 /* FormattedTextField_iOSApp.swift in Sources */,
				9EF10A8F2879A5C900DC55E0 /* Namespace.swift in Sources */,
				9EF10A8D28799FF000DC55E0 /* InputFormatter.swift in Sources */,
			);
			runOnlyForDeploymentPostprocessing = 0;
		};
/* End PBXSourcesBuildPhase section */

/* Begin XCBuildConfiguration section */
		9EF10A70287739BB00DC55E0 /* Debug */ = {
			isa = XCBuildConfiguration;
			buildSettings = {
				ALWAYS_SEARCH_USER_PATHS = NO;
				CLANG_ANALYZER_NONNULL = YES;
				CLANG_ANALYZER_NUMBER_OBJECT_CONVERSION = YES_AGGRESSIVE;
				CLANG_CXX_LANGUAGE_STANDARD = "gnu++17";
				CLANG_ENABLE_MODULES = YES;
				CLANG_ENABLE_OBJC_ARC = YES;
				CLANG_ENABLE_OBJC_WEAK = YES;
				CLANG_WARN_BLOCK_CAPTURE_AUTORELEASING = YES;
				CLANG_WARN_BOOL_CONVERSION = YES;
				CLANG_WARN_COMMA = YES;
				CLANG_WARN_CONSTANT_CONVERSION = YES;
				CLANG_WARN_DEPRECATED_OBJC_IMPLEMENTATIONS = YES;
				CLANG_WARN_DIRECT_OBJC_ISA_USAGE = YES_ERROR;
				CLANG_WARN_DOCUMENTATION_COMMENTS = YES;
				CLANG_WARN_EMPTY_BODY = YES;
				CLANG_WARN_ENUM_CONVERSION = YES;
				CLANG_WARN_INFINITE_RECURSION = YES;
				CLANG_WARN_INT_CONVERSION = YES;
				CLANG_WARN_NON_LITERAL_NULL_CONVERSION = YES;
				CLANG_WARN_OBJC_IMPLICIT_RETAIN_SELF = YES;
				CLANG_WARN_OBJC_LITERAL_CONVERSION = YES;
				CLANG_WARN_OBJC_ROOT_CLASS = YES_ERROR;
				CLANG_WARN_QUOTED_INCLUDE_IN_FRAMEWORK_HEADER = YES;
				CLANG_WARN_RANGE_LOOP_ANALYSIS = YES;
				CLANG_WARN_STRICT_PROTOTYPES = YES;
				CLANG_WARN_SUSPICIOUS_MOVE = YES;
				CLANG_WARN_UNGUARDED_AVAILABILITY = YES_AGGRESSIVE;
				CLANG_WARN_UNREACHABLE_CODE = YES;
				CLANG_WARN__DUPLICATE_METHOD_MATCH = YES;
				COPY_PHASE_STRIP = NO;
				DEBUG_INFORMATION_FORMAT = dwarf;
				ENABLE_STRICT_OBJC_MSGSEND = YES;
				ENABLE_TESTABILITY = YES;
				GCC_C_LANGUAGE_STANDARD = gnu11;
				GCC_DYNAMIC_NO_PIC = NO;
				GCC_NO_COMMON_BLOCKS = YES;
				GCC_OPTIMIZATION_LEVEL = 0;
				GCC_PREPROCESSOR_DEFINITIONS = (
					"DEBUG=1",
					"$(inherited)",
				);
				GCC_WARN_64_TO_32_BIT_CONVERSION = YES;
				GCC_WARN_ABOUT_RETURN_TYPE = YES_ERROR;
				GCC_WARN_UNDECLARED_SELECTOR = YES;
				GCC_WARN_UNINITIALIZED_AUTOS = YES_AGGRESSIVE;
				GCC_WARN_UNUSED_FUNCTION = YES;
				GCC_WARN_UNUSED_VARIABLE = YES;
				MACOSX_DEPLOYMENT_TARGET = 12.4;
				MTL_ENABLE_DEBUG_INFO = INCLUDE_SOURCE;
				MTL_FAST_MATH = YES;
				ONLY_ACTIVE_ARCH = YES;
				SDKROOT = macosx;
				SWIFT_ACTIVE_COMPILATION_CONDITIONS = DEBUG;
				SWIFT_OPTIMIZATION_LEVEL = "-Onone";
			};
			name = Debug;
		};
		9EF10A71287739BB00DC55E0 /* Release */ = {
			isa = XCBuildConfiguration;
			buildSettings = {
				ALWAYS_SEARCH_USER_PATHS = NO;
				CLANG_ANALYZER_NONNULL = YES;
				CLANG_ANALYZER_NUMBER_OBJECT_CONVERSION = YES_AGGRESSIVE;
				CLANG_CXX_LANGUAGE_STANDARD = "gnu++17";
				CLANG_ENABLE_MODULES = YES;
				CLANG_ENABLE_OBJC_ARC = YES;
				CLANG_ENABLE_OBJC_WEAK = YES;
				CLANG_WARN_BLOCK_CAPTURE_AUTORELEASING = YES;
				CLANG_WARN_BOOL_CONVERSION = YES;
				CLANG_WARN_COMMA = YES;
				CLANG_WARN_CONSTANT_CONVERSION = YES;
				CLANG_WARN_DEPRECATED_OBJC_IMPLEMENTATIONS = YES;
				CLANG_WARN_DIRECT_OBJC_ISA_USAGE = YES_ERROR;
				CLANG_WARN_DOCUMENTATION_COMMENTS = YES;
				CLANG_WARN_EMPTY_BODY = YES;
				CLANG_WARN_ENUM_CONVERSION = YES;
				CLANG_WARN_INFINITE_RECURSION = YES;
				CLANG_WARN_INT_CONVERSION = YES;
				CLANG_WARN_NON_LITERAL_NULL_CONVERSION = YES;
				CLANG_WARN_OBJC_IMPLICIT_RETAIN_SELF = YES;
				CLANG_WARN_OBJC_LITERAL_CONVERSION = YES;
				CLANG_WARN_OBJC_ROOT_CLASS = YES_ERROR;
				CLANG_WARN_QUOTED_INCLUDE_IN_FRAMEWORK_HEADER = YES;
				CLANG_WARN_RANGE_LOOP_ANALYSIS = YES;
				CLANG_WARN_STRICT_PROTOTYPES = YES;
				CLANG_WARN_SUSPICIOUS_MOVE = YES;
				CLANG_WARN_UNGUARDED_AVAILABILITY = YES_AGGRESSIVE;
				CLANG_WARN_UNREACHABLE_CODE = YES;
				CLANG_WARN__DUPLICATE_METHOD_MATCH = YES;
				COPY_PHASE_STRIP = NO;
				DEBUG_INFORMATION_FORMAT = "dwarf-with-dsym";
				ENABLE_NS_ASSERTIONS = NO;
				ENABLE_STRICT_OBJC_MSGSEND = YES;
				GCC_C_LANGUAGE_STANDARD = gnu11;
				GCC_NO_COMMON_BLOCKS = YES;
				GCC_WARN_64_TO_32_BIT_CONVERSION = YES;
				GCC_WARN_ABOUT_RETURN_TYPE = YES_ERROR;
				GCC_WARN_UNDECLARED_SELECTOR = YES;
				GCC_WARN_UNINITIALIZED_AUTOS = YES_AGGRESSIVE;
				GCC_WARN_UNUSED_FUNCTION = YES;
				GCC_WARN_UNUSED_VARIABLE = YES;
				MACOSX_DEPLOYMENT_TARGET = 12.4;
				MTL_ENABLE_DEBUG_INFO = NO;
				MTL_FAST_MATH = YES;
				SDKROOT = macosx;
				SWIFT_COMPILATION_MODE = wholemodule;
				SWIFT_OPTIMIZATION_LEVEL = "-O";
			};
			name = Release;
		};
		9EF10A73287739BB00DC55E0 /* Debug */ = {
			isa = XCBuildConfiguration;
			buildSettings = {
				ASSETCATALOG_COMPILER_APPICON_NAME = AppIcon;
				ASSETCATALOG_COMPILER_GLOBAL_ACCENT_COLOR_NAME = AccentColor;
				CODE_SIGN_ENTITLEMENTS = FormattedTextField/FormattedTextField.entitlements;
				CODE_SIGN_STYLE = Automatic;
				COMBINE_HIDPI_IMAGES = YES;
				CURRENT_PROJECT_VERSION = 1;
				DEVELOPMENT_ASSET_PATHS = "\"FormattedTextField/Preview Content\"";
				DEVELOPMENT_TEAM = 4N3Y67CRKB;
				ENABLE_HARDENED_RUNTIME = YES;
				ENABLE_PREVIEWS = YES;
				GENERATE_INFOPLIST_FILE = YES;
				INFOPLIST_KEY_NSHumanReadableCopyright = "";
				LD_RUNPATH_SEARCH_PATHS = (
					"$(inherited)",
					"@executable_path/../Frameworks",
				);
				MARKETING_VERSION = 1.0;
				PRODUCT_BUNDLE_IDENTIFIER = pobortsevv.FormattedTextField;
				PRODUCT_NAME = "$(TARGET_NAME)";
				SWIFT_EMIT_LOC_STRINGS = YES;
				SWIFT_VERSION = 5.0;
			};
			name = Debug;
		};
		9EF10A74287739BB00DC55E0 /* Release */ = {
			isa = XCBuildConfiguration;
			buildSettings = {
				ASSETCATALOG_COMPILER_APPICON_NAME = AppIcon;
				ASSETCATALOG_COMPILER_GLOBAL_ACCENT_COLOR_NAME = AccentColor;
				CODE_SIGN_ENTITLEMENTS = FormattedTextField/FormattedTextField.entitlements;
				CODE_SIGN_STYLE = Automatic;
				COMBINE_HIDPI_IMAGES = YES;
				CURRENT_PROJECT_VERSION = 1;
				DEVELOPMENT_ASSET_PATHS = "\"FormattedTextField/Preview Content\"";
				DEVELOPMENT_TEAM = 4N3Y67CRKB;
				ENABLE_HARDENED_RUNTIME = YES;
				ENABLE_PREVIEWS = YES;
				GENERATE_INFOPLIST_FILE = YES;
				INFOPLIST_KEY_NSHumanReadableCopyright = "";
				LD_RUNPATH_SEARCH_PATHS = (
					"$(inherited)",
					"@executable_path/../Frameworks",
				);
				MARKETING_VERSION = 1.0;
				PRODUCT_BUNDLE_IDENTIFIER = pobortsevv.FormattedTextField;
				PRODUCT_NAME = "$(TARGET_NAME)";
				SWIFT_EMIT_LOC_STRINGS = YES;
				SWIFT_VERSION = 5.0;
			};
			name = Release;
		};
		9EF10A87287750D300DC55E0 /* Debug */ = {
			isa = XCBuildConfiguration;
			buildSettings = {
				ASSETCATALOG_COMPILER_APPICON_NAME = AppIcon;
				ASSETCATALOG_COMPILER_GLOBAL_ACCENT_COLOR_NAME = AccentColor;
				CODE_SIGN_STYLE = Automatic;
				CURRENT_PROJECT_VERSION = 1;
				DEVELOPMENT_ASSET_PATHS = "\"FormattedTextField_iOS/Preview Content\"";
				DEVELOPMENT_TEAM = 4N3Y67CRKB;
				ENABLE_PREVIEWS = YES;
				GENERATE_INFOPLIST_FILE = YES;
				INFOPLIST_KEY_UIApplicationSceneManifest_Generation = YES;
				INFOPLIST_KEY_UIApplicationSupportsIndirectInputEvents = YES;
				INFOPLIST_KEY_UILaunchScreen_Generation = YES;
				INFOPLIST_KEY_UISupportedInterfaceOrientations_iPad = "UIInterfaceOrientationPortrait UIInterfaceOrientationPortraitUpsideDown UIInterfaceOrientationLandscapeLeft UIInterfaceOrientationLandscapeRight";
				INFOPLIST_KEY_UISupportedInterfaceOrientations_iPhone = "UIInterfaceOrientationPortrait UIInterfaceOrientationLandscapeLeft UIInterfaceOrientationLandscapeRight";
				IPHONEOS_DEPLOYMENT_TARGET = 16.0;
				LD_RUNPATH_SEARCH_PATHS = (
					"$(inherited)",
					"@executable_path/Frameworks",
				);
				MARKETING_VERSION = 1.0;
				PRODUCT_BUNDLE_IDENTIFIER = "pobortsevv.FormattedTextField-iOS";
				PRODUCT_NAME = "$(TARGET_NAME)";
				SDKROOT = iphoneos;
				SWIFT_EMIT_LOC_STRINGS = YES;
				SWIFT_VERSION = 5.0;
				TARGETED_DEVICE_FAMILY = "1,2";
			};
			name = Debug;
		};
		9EF10A88287750D300DC55E0 /* Release */ = {
			isa = XCBuildConfiguration;
			buildSettings = {
				ASSETCATALOG_COMPILER_APPICON_NAME = AppIcon;
				ASSETCATALOG_COMPILER_GLOBAL_ACCENT_COLOR_NAME = AccentColor;
				CODE_SIGN_STYLE = Automatic;
				CURRENT_PROJECT_VERSION = 1;
				DEVELOPMENT_ASSET_PATHS = "\"FormattedTextField_iOS/Preview Content\"";
				DEVELOPMENT_TEAM = 4N3Y67CRKB;
				ENABLE_PREVIEWS = YES;
				GENERATE_INFOPLIST_FILE = YES;
				INFOPLIST_KEY_UIApplicationSceneManifest_Generation = YES;
				INFOPLIST_KEY_UIApplicationSupportsIndirectInputEvents = YES;
				INFOPLIST_KEY_UILaunchScreen_Generation = YES;
				INFOPLIST_KEY_UISupportedInterfaceOrientations_iPad = "UIInterfaceOrientationPortrait UIInterfaceOrientationPortraitUpsideDown UIInterfaceOrientationLandscapeLeft UIInterfaceOrientationLandscapeRight";
				INFOPLIST_KEY_UISupportedInterfaceOrientations_iPhone = "UIInterfaceOrientationPortrait UIInterfaceOrientationLandscapeLeft UIInterfaceOrientationLandscapeRight";
				IPHONEOS_DEPLOYMENT_TARGET = 16.0;
				LD_RUNPATH_SEARCH_PATHS = (
					"$(inherited)",
					"@executable_path/Frameworks",
				);
				MARKETING_VERSION = 1.0;
				PRODUCT_BUNDLE_IDENTIFIER = "pobortsevv.FormattedTextField-iOS";
				PRODUCT_NAME = "$(TARGET_NAME)";
				SDKROOT = iphoneos;
				SWIFT_EMIT_LOC_STRINGS = YES;
				SWIFT_VERSION = 5.0;
				TARGETED_DEVICE_FAMILY = "1,2";
				VALIDATE_PRODUCT = YES;
			};
			name = Release;
		};
/* End XCBuildConfiguration section */

/* Begin XCConfigurationList section */
		9EF10A5E287739B900DC55E0 /* Build configuration list for PBXProject "FormattedTextField" */ = {
			isa = XCConfigurationList;
			buildConfigurations = (
				9EF10A70287739BB00DC55E0 /* Debug */,
				9EF10A71287739BB00DC55E0 /* Release */,
			);
			defaultConfigurationIsVisible = 0;
			defaultConfigurationName = Release;
		};
		9EF10A72287739BB00DC55E0 /* Build configuration list for PBXNativeTarget "FormattedTextField" */ = {
			isa = XCConfigurationList;
			buildConfigurations = (
				9EF10A73287739BB00DC55E0 /* Debug */,
				9EF10A74287739BB00DC55E0 /* Release */,
			);
			defaultConfigurationIsVisible = 0;
			defaultConfigurationName = Release;
		};
		9EF10A86287750D300DC55E0 /* Build configuration list for PBXNativeTarget "FormattedTextField_iOS" */ = {
			isa = XCConfigurationList;
			buildConfigurations = (
				9EF10A87287750D300DC55E0 /* Debug */,
				9EF10A88287750D300DC55E0 /* Release */,
			);
			defaultConfigurationIsVisible = 0;
			defaultConfigurationName = Release;
		};
/* End XCConfigurationList section */
	};
	rootObject = 9EF10A5B287739B900DC55E0 /* Project object */;
}
